
Microsoft Visual Studio Solution File, Format Version 12.00
# Visual Studio Version 16
VisualStudioVersion = 16.0.30114.105
MinimumVisualStudioVersion = 10.0.40219.1
Project("{FAE04EC0-301F-11D3-BF4B-00C04F79EFBC}") = "SettingsParser", "SettingsParser\SettingsParser.csproj", "{BC8611CE-0642-44F1-8ECB-33CD52A8CFAC}"
EndProject
Project("{FAE04EC0-301F-11D3-BF4B-00C04F79EFBC}") = "SettingsParserTester", "SettingsParserTester\SettingsParserTester.csproj", "{95F277E6-440D-4282-AFDF-0059D36FADBC}"
EndProject
Global
	GlobalSection(SolutionConfigurationPlatforms) = preSolution
		Debug|Any CPU = Debug|Any CPU
		Release|Any CPU = Release|Any CPU
	EndGlobalSection
	GlobalSection(SolutionProperties) = preSolution
		HideSolutionNode = FALSE
	EndGlobalSection
	GlobalSection(ProjectConfigurationPlatforms) = postSolution
		{BC8611CE-0642-44F1-8ECB-33CD52A8CFAC}.Debug|Any CPU.ActiveCfg = Debug|Any CPU
		{BC8611CE-0642-44F1-8ECB-33CD52A8CFAC}.Debug|Any CPU.Build.0 = Debug|Any CPU
		{BC8611CE-0642-44F1-8ECB-33CD52A8CFAC}.Release|Any CPU.ActiveCfg = Release|Any CPU
		{BC8611CE-0642-44F1-8ECB-33CD52A8CFAC}.Release|Any CPU.Build.0 = Release|Any CPU
		{95F277E6-440D-4282-AFDF-0059D36FADBC}.Debug|Any CPU.ActiveCfg = Debug|Any CPU
		{95F277E6-440D-4282-AFDF-0059D36FADBC}.Debug|Any CPU.Build.0 = Debug|Any CPU
		{95F277E6-440D-4282-AFDF-0059D36FADBC}.Release|Any CPU.ActiveCfg = Release|Any CPU
		{95F277E6-440D-4282-AFDF-0059D36FADBC}.Release|Any CPU.Build.0 = Release|Any CPU
	EndGlobalSection
EndGlobal
